// !$*UTF8*$!
{
	archiveVersion = 1;
	classes = {
	};
	objectVersion = 46;
	objects = {

/* Begin PBXBuildFile section */
		118074951D432D3B00C2D4FF /* MultiThreadSync.swift in Sources */ = {isa = PBXBuildFile; fileRef = 118074941D432D3B00C2D4FF /* MultiThreadSync.swift */; };
		D0A19EA21C292F0B000D67D2 /* AppDelegate.swift in Sources */ = {isa = PBXBuildFile; fileRef = D0A19EA11C292F0B000D67D2 /* AppDelegate.swift */; };
		D0A19EA41C292F0B000D67D2 /* ViewController.swift in Sources */ = {isa = PBXBuildFile; fileRef = D0A19EA31C292F0B000D67D2 /* ViewController.swift */; };
		D0A19EA71C292F0B000D67D2 /* Main.storyboard in Resources */ = {isa = PBXBuildFile; fileRef = D0A19EA51C292F0B000D67D2 /* Main.storyboard */; };
		D0A19EA91C292F0B000D67D2 /* Assets.xcassets in Resources */ = {isa = PBXBuildFile; fileRef = D0A19EA81C292F0B000D67D2 /* Assets.xcassets */; };
		D0A19EAC1C292F0B000D67D2 /* LaunchScreen.storyboard in Resources */ = {isa = PBXBuildFile; fileRef = D0A19EAA1C292F0B000D67D2 /* LaunchScreen.storyboard */; };
/* End PBXBuildFile section */

/* Begin PBXFileReference section */
		118074941D432D3B00C2D4FF /* MultiThreadSync.swift */ = {isa = PBXFileReference; fileEncoding = 4; lastKnownFileType = sourcecode.swift; path = MultiThreadSync.swift; sourceTree = "<group>"; };
		D0A19E9E1C292F0B000D67D2 /* XYkit.app */ = {isa = PBXFileReference; explicitFileType = wrapper.application; includeInIndex = 0; path = XYkit.app; sourceTree = BUILT_PRODUCTS_DIR; };
		D0A19EA11C292F0B000D67D2 /* AppDelegate.swift */ = {isa = PBXFileReference; lastKnownFileType = sourcecode.swift; path = AppDelegate.swift; sourceTree = "<group>"; };
		D0A19EA31C292F0B000D67D2 /* ViewController.swift */ = {isa = PBXFileReference; lastKnownFileType = sourcecode.swift; path = ViewController.swift; sourceTree = "<group>"; };
		D0A19EA61C292F0B000D67D2 /* Base */ = {isa = PBXFileReference; lastKnownFileType = file.storyboard; name = Base; path = Base.lproj/Main.storyboard; sourceTree = "<group>"; };
		D0A19EA81C292F0B000D67D2 /* Assets.xcassets */ = {isa = PBXFileReference; lastKnownFileType = folder.assetcatalog; path = Assets.xcassets; sourceTree = "<group>"; };
		D0A19EAB1C292F0B000D67D2 /* Base */ = {isa = PBXFileReference; lastKnownFileType = file.storyboard; name = Base; path = Base.lproj/LaunchScreen.storyboard; sourceTree = "<group>"; };
		D0A19EAD1C292F0B000D67D2 /* Info.plist */ = {isa = PBXFileReference; lastKnownFileType = text.plist.xml; path = Info.plist; sourceTree = "<group>"; };
/* End PBXFileReference section */

/* Begin PBXFrameworksBuildPhase section */
		D0A19E9B1C292F0B000D67D2 /* Frameworks */ = {
			isa = PBXFrameworksBuildPhase;
			buildActionMask = 2147483647;
			files = (
			);
			runOnlyForDeploymentPostprocessing = 0;
		};
/* End PBXFrameworksBuildPhase section */

/* Begin PBXGroup section */
		D0A19E951C292F0B000D67D2 = {
			isa = PBXGroup;
			children = (
				D0A19EA01C292F0B000D67D2 /* XYkit */,
				D0A19E9F1C292F0B000D67D2 /* Products */,
			);
			sourceTree = "<group>";
		};
		D0A19E9F1C292F0B000D67D2 /* Products */ = {
			isa = PBXGroup;
			children = (
				D0A19E9E1C292F0B000D67D2 /* XYkit.app */,
			);
			name = Products;
			sourceTree = "<group>";
		};
		D0A19EA01C292F0B000D67D2 /* XYkit */ = {
			isa = PBXGroup;
			children = (
				D0A19EA11C292F0B000D67D2 /* AppDelegate.swift */,
				D0A19EA31C292F0B000D67D2 /* ViewController.swift */,
				D0A19EA51C292F0B000D67D2 /* Main.storyboard */,
				D0A19EA81C292F0B000D67D2 /* Assets.xcassets */,
				D0A19EAA1C292F0B000D67D2 /* LaunchScreen.storyboard */,
				D0A19EAD1C292F0B000D67D2 /* Info.plist */,
				118074941D432D3B00C2D4FF /* MultiThreadSync.swift */,
			);
			path = XYkit;
			sourceTree = "<group>";
		};
/* End PBXGroup section */

/* Begin PBXNativeTarget section */
		D0A19E9D1C292F0B000D67D2 /* XYkit */ = {
			isa = PBXNativeTarget;
			buildConfigurationList = D0A19EB01C292F0B000D67D2 /* Build configuration list for PBXNativeTarget "XYkit" */;
			buildPhases = (
				D0A19E9A1C292F0B000D67D2 /* Sources */,
				D0A19E9B1C292F0B000D67D2 /* Frameworks */,
				D0A19E9C1C292F0B000D67D2 /* Resources */,
			);
			buildRules = (
			);
			dependencies = (
			);
			name = XYkit;
			productName = XYkit;
			productReference = D0A19E9E1C292F0B000D67D2 /* XYkit.app */;
			productType = "com.apple.product-type.application";
		};
/* End PBXNativeTarget section */

/* Begin PBXProject section */
		D0A19E961C292F0B000D67D2 /* Project object */ = {
			isa = PBXProject;
			attributes = {
				LastUpgradeCheck = 0700;
				ORGANIZATIONNAME = xiaoyuan;
				TargetAttributes = {
					D0A19E9D1C292F0B000D67D2 = {
						CreatedOnToolsVersion = 7.0.1;
						DevelopmentTeam = Y6WT768RJD;
					};
				};
			};
			buildConfigurationList = D0A19E991C292F0B000D67D2 /* Build configuration list for PBXProject "XYkit" */;
			compatibilityVersion = "Xcode 3.2";
			developmentRegion = English;
			hasScannedForEncodings = 0;
			knownRegions = (
				en,
				Base,
			);
			mainGroup = D0A19E951C292F0B000D67D2;
			productRefGroup = D0A19E9F1C292F0B000D67D2 /* Products */;
			projectDirPath = "";
			projectRoot = "";
			targets = (
				D0A19E9D1C292F0B000D67D2 /* XYkit */,
			);
		};
/* End PBXProject section */

/* Begin PBXResourcesBuildPhase section */
		D0A19E9C1C292F0B000D67D2 /* Resources */ = {
			isa = PBXResourcesBuildPhase;
			buildActionMask = 2147483647;
			files = (
				D0A19EAC1C292F0B000D67D2 /* LaunchScreen.storyboard in Resources */,
				D0A19EA91C292F0B000D67D2 /* Assets.xcassets in Resources */,
				D0A19EA71C292F0B000D67D2 /* Main.storyboard in Resources */,
			);
			runOnlyForDeploymentPostprocessing = 0;
		};
/* End PBXResourcesBuildPhase section */

/* Begin PBXSourcesBuildPhase section */
		D0A19E9A1C292F0B000D67D2 /* Sources */ = {
			isa = PBXSourcesBuildPhase;
			buildActionMask = 2147483647;
			files = (
				D0A19EA41C292F0B000D67D2 /* ViewController.swift in Sources */,
				D0A19EA21C292F0B000D67D2 /* AppDelegate.swift in Sources */,
				118074951D432D3B00C2D4FF /* MultiThreadSync.swift in Sources */,
			);
			runOnlyForDeploymentPostprocessing = 0;
		};
/* End PBXSourcesBuildPhase section */

/* Begin PBXVariantGroup section */
		D0A19EA51C292F0B000D67D2 /* Main.storyboard */ = {
			isa = PBXVariantGroup;
			children = (
				D0A19EA61C292F0B000D67D2 /* Base */,
			);
			name = Main.storyboard;
			sourceTree = "<group>";
		};
		D0A19EAA1C292F0B000D67D2 /* LaunchScreen.storyboard */ = {
			isa = PBXVariantGroup;
			children = (
				D0A19EAB1C292F0B000D67D2 /* Base */,
			);
			name = LaunchScreen.storyboard;
			sourceTree = "<group>";
		};
/* End PBXVariantGroup section */

/* Begin XCBuildConfiguration section */
		D0A19EAE1C292F0B000D67D2 /* Debug */ = {
			isa = XCBuildConfiguration;
			buildSettings = {
				ALWAYS_SEARCH_USER_PATHS = NO;
				CLANG_CXX_LANGUAGE_STANDARD = "gnu++0x";
				CLANG_CXX_LIBRARY = "libc++";
				CLANG_ENABLE_MODULES = YES;
				CLANG_ENABLE_OBJC_ARC = YES;
				CLANG_WARN_BOOL_CONVERSION = YES;
				CLANG_WARN_CONSTANT_CONVERSION = YES;
				CLANG_WARN_DIRECT_OBJC_ISA_USAGE = YES_ERROR;
				CLANG_WARN_EMPTY_BODY = YES;
				CLANG_WARN_ENUM_CONVERSION = YES;
				CLANG_WARN_INT_CONVERSION = YES;
				CLANG_WARN_OBJC_ROOT_CLASS = YES_ERROR;
				CLANG_WARN_UNREACHABLE_CODE = YES;
				CLANG_WARN__DUPLICATE_METHOD_MATCH = YES;
				"CODE_SIGN_IDENTITY[sdk=iphoneos*]" = "iPhone Developer";
				COPY_PHASE_STRIP = NO;
				DEBUG_INFORMATION_FORMAT = dwarf;
				ENABLE_STRICT_OBJC_MSGSEND = YES;
				ENABLE_TESTABILITY = YES;
				GCC_C_LANGUAGE_STANDARD = gnu99;
				GCC_DYNAMIC_NO_PIC = NO;
				GCC_NO_COMMON_BLOCKS = YES;
				GCC_OPTIMIZATION_LEVEL = 0;
				GCC_PREPROCESSOR_DEFINITIONS = (
					"DEBUG=1",
					"$(inherited)",
				);
				GCC_WARN_64_TO_32_BIT_CONVERSION = YES;
				GCC_WARN_ABOUT_RETURN_TYPE = YES_ERROR;
				GCC_WARN_UNDECLARED_SELECTOR = YES;
				GCC_WARN_UNINITIALIZED_AUTOS = YES_AGGRESSIVE;
				GCC_WARN_UNUSED_FUNCTION = YES;
				GCC_WARN_UNUSED_VARIABLE = YES;
				IPHONEOS_DEPLOYMENT_TARGET = 9.0;
				MTL_ENABLE_DEBUG_INFO = YES;
				ONLY_ACTIVE_ARCH = YES;
				SDKROOT = iphoneos;
				SWIFT_OPTIMIZATION_LEVEL = "-Onone";
			};
			name = Debug;
		};
		D0A19EAF1C292F0B000D67D2 /* Release */ = {
			isa = XCBuildConfiguration;
			buildSettings = {
				ALWAYS_SEARCH_USER_PATHS = NO;
				CLANG_CXX_LANGUAGE_STANDARD = "gnu++0x";
				CLANG_CXX_LIBRARY = "libc++";
				CLANG_ENABLE_MODULES = YES;
				CLANG_ENABLE_OBJC_ARC = YES;
				CLANG_WARN_BOOL_CONVERSION = YES;
				CLANG_WARN_CONSTANT_CONVERSION = YES;
				CLANG_WARN_DIRECT_OBJC_ISA_USAGE = YES_ERROR;
				CLANG_WARN_EMPTY_BODY = YES;
				CLANG_WARN_ENUM_CONVERSION = YES;
				CLANG_WARN_INT_CONVERSION = YES;
				CLANG_WARN_OBJC_ROOT_CLASS = YES_ERROR;
				CLANG_WARN_UNREACHABLE_CODE = YES;
				CLANG_WARN__DUPLICATE_METHOD_MATCH = YES;
				"CODE_SIGN_IDENTITY[sdk=iphoneos*]" = "iPhone Developer";
				COPY_PHASE_STRIP = NO;
				DEBUG_INFORMATION_FORMAT = "dwarf-with-dsym";
				ENABLE_NS_ASSERTIONS = NO;
				ENABLE_STRICT_OBJC_MSGSEND = YES;
				GCC_C_LANGUAGE_STANDARD = gnu99;
				GCC_NO_COMMON_BLOCKS = YES;
				GCC_WARN_64_TO_32_BIT_CONVERSION = YES;
				GCC_WARN_ABOUT_RETURN_TYPE = YES_ERROR;
				GCC_WARN_UNDECLARED_SELECTOR = YES;
				GCC_WARN_UNINITIALIZED_AUTOS = YES_AGGRESSIVE;
				GCC_WARN_UNUSED_FUNCTION = YES;
				GCC_WARN_UNUSED_VARIABLE = YES;
				IPHONEOS_DEPLOYMENT_TARGET = 9.0;
				MTL_ENABLE_DEBUG_INFO = NO;
				SDKROOT = iphoneos;
				VALIDATE_PRODUCT = YES;
			};
			name = Release;
		};
		D0A19EB11C292F0B000D67D2 /* Debug */ = {
			isa = XCBuildConfiguration;
			buildSettings = {
				ASSETCATALOG_COMPILER_APPICON_NAME = AppIcon;
				CODE_SIGN_IDENTITY = "iPhone Developer: Yuanxun Fu (GRX2347Q2B)";
				INFOPLIST_FILE = XYkit/Info.plist;
				LD_RUNPATH_SEARCH_PATHS = "$(inherited) @executable_path/Frameworks";
				PRODUCT_BUNDLE_IDENTIFIER = com.tencent.xy.XYkit;
				PRODUCT_NAME = "$(TARGET_NAME)";
			};
			name = Debug;
		};
		D0A19EB21C292F0B000D67D2 /* Release */ = {
			isa = XCBuildConfiguration;
			buildSettings = {
				ASSETCATALOG_COMPILER_APPICON_NAME = AppIcon;
				CODE_SIGN_IDENTITY = "iPhone Developer";
				INFOPLIST_FILE = XYkit/Info.plist;
				LD_RUNPATH_SEARCH_PATHS = "$(inherited) @executable_path/Frameworks";
				PRODUCT_BUNDLE_IDENTIFIER = com.tencent.xy.XYkit;
				PRODUCT_NAME = "$(TARGET_NAME)";
			};
			name = Release;
		};
/* End XCBuildConfiguration section */

/* Begin XCConfigurationList section */
		D0A19E991C292F0B000D67D2 /* Build configuration list for PBXProject "XYkit" */ = {
			isa = XCConfigurationList;
			buildConfigurations = (
				D0A19EAE1C292F0B000D67D2 /* Debug */,
				D0A19EAF1C292F0B000D67D2 /* Release */,
			);
			defaultConfigurationIsVisible = 0;
			defaultConfigurationName = Release;
		};
		D0A19EB01C292F0B000D67D2 /* Build configuration list for PBXNativeTarget "XYkit" */ = {
			isa = XCConfigurationList;
			buildConfigurations = (
				D0A19EB11C292F0B000D67D2 /* Debug */,
				D0A19EB21C292F0B000D67D2 /* Release */,
			);
			defaultConfigurationIsVisible = 0;
			defaultConfigurationName = Release;
		};
/* End XCConfigurationList section */
	};
	rootObject = D0A19E961C292F0B000D67D2 /* Project object */;
}
